{
    "_readme": [
        "This file locks the dependencies of your project to a known state",
        "Read more about it at https://getcomposer.org/doc/01-basic-usage.md#composer-lock-the-lock-file",
        "This file is @generated automatically"
    ],
    "content-hash": "aaaec24186c3d8d949ba1f49c74ad50e",
    "packages": [
        {
            "name": "yosymfony/toml",
            "version": "dev-master",
            "source": {
                "type": "git",
                "url": "https://github.com/yosymfony/Toml.git",
                "reference": "05a8913c5e9b302a63d67c672320c02c6d685ef5"
            },
            "dist": {
                "type": "zip",
                "url": "https://api.github.com/repos/yosymfony/Toml/zipball/05a8913c5e9b302a63d67c672320c02c6d685ef5",
                "reference": "05a8913c5e9b302a63d67c672320c02c6d685ef5",
                "shasum": ""
            },
            "require": {
                "php": ">=5.3.0"
            },
            "type": "library",
            "extra": {
                "branch-alias": {
                    "dev-master": "0.4-dev"
                }
            },
            "autoload": {
                "psr-4": {
                    "Yosymfony\\Toml\\": "src/"
                }
            },
            "notification-url": "https://packagist.org/downloads/",
            "license": [
                "MIT"
            ],
            "authors": [
                {
                    "name": "Victor Puertas",
                    "email": "vpgugr@gmail.com",
                    "homepage": "http://yosymfony.com"
                }
            ],
            "description": "A PHP parser for TOML compatible with specification 0.4.0",
            "homepage": "http://github.com/yosymfony/toml",
            "keywords": [
                "mojombo",
                "parser",
                "toml"
            ],
            "time": "2016-01-03 17:51:30"
        }
    ],
    "packages-dev": [],
    "aliases": [],
    "minimum-stability": "stable",
    "stability-flags": {
        "yosymfony/toml": 20
    },
    "prefer-stable": false,
    "prefer-lowest": false,
    "platform": [],
    "platform-dev": []
}
